<?xml version="1.0" encoding="utf-8"?>
<Project ToolsVersion="4.0" xmlns="http://schemas.microsoft.com/developer/msbuild/2003">
  <ItemGroup>
    <Filter Include="源文件">
      <UniqueIdentifier>{4FC737F1-C7A5-4376-A066-2A32D752A2FF}</UniqueIdentifier>
      <Extensions>cpp;c;cc;cxx;c++;cppm;ixx;def;odl;idl;hpj;bat;asm;asmx</Extensions>
    </Filter>
    <Filter Include="头文件">
      <UniqueIdentifier>{93995380-89BD-4b04-88EB-625FBE52EBFB}</UniqueIdentifier>
      <Extensions>h;hh;hpp;hxx;h++;hm;inl;inc;ipp;xsd</Extensions>
    </Filter>
    <Filter Include="资源文件">
      <UniqueIdentifier>{67DA6AB6-F800-4c08-8B7A-83BB121AAD01}</UniqueIdentifier>
      <Extensions>rc;ico;cur;bmp;dlg;rc2;rct;bin;rgs;gif;jpg;jpeg;jpe;resx;tiff;tif;png;wav;mfcribbon-ms</Extensions>
    </Filter>
  </ItemGroup>
  <ItemGroup>
    <ClCompile Include="AsciiTools\src\at_Basic.cpp">
      <Filter>源文件</Filter>
    </ClCompile>
    <ClCompile Include="AsciiTools\src\at_BasicChar.cpp">
      <Filter>源文件</Filter>
    </ClCompile>
    <ClCompile Include="AsciiTools\src\at_BasicObject.cpp">
      <Filter>源文件</Filter>
    </ClCompile>
    <ClCompile Include="AsciiTools\src\at_BasicString.cpp">
      <Filter>源文件</Filter>
    </ClCompile>
    <ClCompile Include="AsciiTools\src\at_Debug.cpp">
      <Filter>源文件</Filter>
    </ClCompile>
    <ClCompile Include="AsciiTools\src\at_Exception.cpp">
      <Filter>源文件</Filter>
    </ClCompile>
    <ClCompile Include="AsciiTools\src\at_TextColor.cpp">
      <Filter>源文件</Filter>
    </ClCompile>
    <ClCompile Include="AsciiTools\src\at_Tools.cpp">
      <Filter>源文件</Filter>
    </ClCompile>
    <ClCompile Include="AsciiTools\src\at_TypeConvert.cpp">
      <Filter>源文件</Filter>
    </ClCompile>
    <ClCompile Include="agl_Basic.cpp">
      <Filter>源文件</Filter>
    </ClCompile>
    <ClCompile Include="agl_BasicCanvas.cpp">
      <Filter>源文件</Filter>
    </ClCompile>
    <ClCompile Include="agl_BasicLayer.cpp">
      <Filter>源文件</Filter>
    </ClCompile>
    <ClCompile Include="agl_BasicLayerMngr.cpp">
      <Filter>源文件</Filter>
    </ClCompile>
    <ClCompile Include="graphics.cpp">
      <Filter>源文件</Filter>
    </ClCompile>
  </ItemGroup>
  <ItemGroup>
    <ClInclude Include="AsciiTools\include\at_Basic.h">
      <Filter>头文件</Filter>
    </ClInclude>
    <ClInclude Include="AsciiTools\include\at_BasicChar.h">
      <Filter>头文件</Filter>
    </ClInclude>
    <ClInclude Include="AsciiTools\include\at_BasicObject.h">
      <Filter>头文件</Filter>
    </ClInclude>
    <ClInclude Include="AsciiTools\include\at_BasicString.h">
      <Filter>头文件</Filter>
    </ClInclude>
    <ClInclude Include="AsciiTools\include\at_Coordinate2d.h">
      <Filter>头文件</Filter>
    </ClInclude>
    <ClInclude Include="AsciiTools\include\at_Debug.h">
      <Filter>头文件</Filter>
    </ClInclude>
    <ClInclude Include="AsciiTools\include\at_Deserialization.h">
      <Filter>头文件</Filter>
    </ClInclude>
    <ClInclude Include="AsciiTools\include\at_Exception.h">
      <Filter>头文件</Filter>
    </ClInclude>
    <ClInclude Include="AsciiTools\include\at_Matrix2d.h">
      <Filter>头文件</Filter>
    </ClInclude>
    <ClInclude Include="AsciiTools\include\at_Serialization.h">
      <Filter>头文件</Filter>
    </ClInclude>
    <ClInclude Include="AsciiTools\include\at_TextColor.h">
      <Filter>头文件</Filter>
    </ClInclude>
    <ClInclude Include="AsciiTools\include\at_Tools.h">
      <Filter>头文件</Filter>
    </ClInclude>
    <ClInclude Include="AsciiTools\include\at_TypeConvert.h">
      <Filter>头文件</Filter>
    </ClInclude>
    <ClInclude Include="agl_AbstractImage.h">
      <Filter>头文件</Filter>
    </ClInclude>
    <ClInclude Include="agl_Basic.h">
      <Filter>头文件</Filter>
    </ClInclude>
    <ClInclude Include="agl_BasicCanvas.h">
      <Filter>头文件</Filter>
    </ClInclude>
    <ClInclude Include="agl_BasicLayer.h">
      <Filter>头文件</Filter>
    </ClInclude>
    <ClInclude Include="agl_BasicLayerMngr.h">
      <Filter>头文件</Filter>
    </ClInclude>
    <ClInclude Include="graphics.h">
      <Filter>头文件</Filter>
    </ClInclude>
    <ClInclude Include="AsciiTools\include\at_Option.h">
      <Filter>头文件</Filter>
    </ClInclude>
  </ItemGroup>
  <ItemGroup>
    <Text Include="memory.txt" />
  </ItemGroup>
</Project>