<?xml version="1.0" encoding="utf-8"?>
<Project ToolsVersion="4.0" xmlns="http://schemas.microsoft.com/developer/msbuild/2003">
  <ItemGroup>
    <Filter Include="源文件">
      <UniqueIdentifier>{4FC737F1-C7A5-4376-A066-2A32D752A2FF}</UniqueIdentifier>
      <Extensions>cpp;c;cc;cxx;c++;cppm;ixx;def;odl;idl;hpj;bat;asm;asmx</Extensions>
    </Filter>
    <Filter Include="头文件">
      <UniqueIdentifier>{93995380-89BD-4b04-88EB-625FBE52EBFB}</UniqueIdentifier>
      <Extensions>h;hh;hpp;hxx;h++;hm;inl;inc;ipp;xsd</Extensions>
    </Filter>
    <Filter Include="资源文件">
      <UniqueIdentifier>{67DA6AB6-F800-4c08-8B7A-83BB121AAD01}</UniqueIdentifier>
      <Extensions>rc;ico;cur;bmp;dlg;rc2;rct;bin;rgs;gif;jpg;jpeg;jpe;resx;tiff;tif;png;wav;mfcribbon-ms</Extensions>
    </Filter>
  </ItemGroup>
  <ItemGroup>
    <ClCompile Include="src\AsciiGLUntils.cpp">
      <Filter>源文件</Filter>
    </ClCompile>
    <ClCompile Include="src\AsciiBasicCanvas.cpp">
      <Filter>源文件</Filter>
    </ClCompile>
    <ClCompile Include="src\AsciiBasicChar.cpp">
      <Filter>源文件</Filter>
    </ClCompile>
    <ClCompile Include="src\AsciiBasicError.cpp">
      <Filter>源文件</Filter>
    </ClCompile>
    <ClCompile Include="src\AsciiBasicGraphics.cpp">
      <Filter>源文件</Filter>
    </ClCompile>
    <ClCompile Include="src\AsciiBasicLayer.cpp">
      <Filter>源文件</Filter>
    </ClCompile>
    <ClCompile Include="src\AsciiBasicLayerMngr.cpp">
      <Filter>源文件</Filter>
    </ClCompile>
    <ClCompile Include="src\AsciiBasicObject.cpp">
      <Filter>源文件</Filter>
    </ClCompile>
    <ClCompile Include="src\AsciiBasicString.cpp">
      <Filter>源文件</Filter>
    </ClCompile>
    <ClCompile Include="src\AsciiBasic.cpp">
      <Filter>源文件</Filter>
    </ClCompile>
  </ItemGroup>
  <ItemGroup>
    <ClInclude Include="include\AsciiBasic.h">
      <Filter>头文件</Filter>
    </ClInclude>
    <ClInclude Include="include\AsciiBasicCanvas.h">
      <Filter>头文件</Filter>
    </ClInclude>
    <ClInclude Include="include\AsciiBasicChar.h">
      <Filter>头文件</Filter>
    </ClInclude>
    <ClInclude Include="include\AsciiBasicError.h">
      <Filter>头文件</Filter>
    </ClInclude>
    <ClInclude Include="include\AsciiBasicGraphics.h">
      <Filter>头文件</Filter>
    </ClInclude>
    <ClInclude Include="include\AsciiBasicLayer.h">
      <Filter>头文件</Filter>
    </ClInclude>
    <ClInclude Include="include\AsciiBasicLayerMngr.h">
      <Filter>头文件</Filter>
    </ClInclude>
    <ClInclude Include="include\AsciiBasicObject.h">
      <Filter>头文件</Filter>
    </ClInclude>
    <ClInclude Include="include\AsciiBasicString.h">
      <Filter>头文件</Filter>
    </ClInclude>
    <ClInclude Include="include\AsciiGLUntils.h">
      <Filter>头文件</Filter>
    </ClInclude>
  </ItemGroup>
</Project>